
Microsoft Visual Studio Solution File, Format Version 12.00
Project("{FAE04EC0-301F-11D3-BF4B-00C04F79EFBC}") = "Serilog.Sinks.XUnit3", "Serilog.Sinks.XUnit3\Serilog.Sinks.XUnit3.csproj", "{F2A74067-B8A3-4844-80F0-382AA61BB9F6}"
EndProject
Project("{FAE04EC0-301F-11D3-BF4B-00C04F79EFBC}") = "Serilog.Sinks.XUnit3.Sample", "Serilog.Sinks.XUnit3.Sample\Serilog.Sinks.XUnit3.Sample.csproj", "{AC63432D-C0E4-45EE-91E5-D2028B3C60E3}"
EndProject
Project("{FAE04EC0-301F-11D3-BF4B-00C04F79EFBC}") = "Serilog.Sinks.XUnit3.Tests", "Serilog.Sinks.XUnit3.Tests\Serilog.Sinks.XUnit3.Tests.csproj", "{9A9F2780-1C64-44B9-A2D2-A4AF630326A8}"
EndProject
Project("{2150E333-8FDC-42A3-9474-1A3956D46DE8}") = "SolutionItems", "SolutionItems", "{DF2F822A-B547-4D06-9E08-2CA8D8026E5D}"
	ProjectSection(SolutionItems) = preProject
	    .gitignore = .gitignore
		LICENSE = LICENSE
		README.md = README.md
		icon.png = icon.png
	EndProjectSection
EndProject
Global
	GlobalSection(SolutionConfigurationPlatforms) = preSolution
		Debug|Any CPU = Debug|Any CPU
		Release|Any CPU = Release|Any CPU
	EndGlobalSection
	GlobalSection(ProjectConfigurationPlatforms) = postSolution
		{F2A74067-B8A3-4844-80F0-382AA61BB9F6}.Debug|Any CPU.ActiveCfg = Debug|Any CPU
		{F2A74067-B8A3-4844-80F0-382AA61BB9F6}.Debug|Any CPU.Build.0 = Debug|Any CPU
		{F2A74067-B8A3-4844-80F0-382AA61BB9F6}.Release|Any CPU.ActiveCfg = Release|Any CPU
		{F2A74067-B8A3-4844-80F0-382AA61BB9F6}.Release|Any CPU.Build.0 = Release|Any CPU
		{AC63432D-C0E4-45EE-91E5-D2028B3C60E3}.Debug|Any CPU.ActiveCfg = Debug|Any CPU
		{AC63432D-C0E4-45EE-91E5-D2028B3C60E3}.Debug|Any CPU.Build.0 = Debug|Any CPU
		{AC63432D-C0E4-45EE-91E5-D2028B3C60E3}.Release|Any CPU.ActiveCfg = Release|Any CPU
		{AC63432D-C0E4-45EE-91E5-D2028B3C60E3}.Release|Any CPU.Build.0 = Release|Any CPU
		{9A9F2780-1C64-44B9-A2D2-A4AF630326A8}.Debug|Any CPU.ActiveCfg = Debug|Any CPU
		{9A9F2780-1C64-44B9-A2D2-A4AF630326A8}.Debug|Any CPU.Build.0 = Debug|Any CPU
		{9A9F2780-1C64-44B9-A2D2-A4AF630326A8}.Release|Any CPU.ActiveCfg = Release|Any CPU
		{9A9F2780-1C64-44B9-A2D2-A4AF630326A8}.Release|Any CPU.Build.0 = Release|Any CPU
	EndGlobalSection
EndGlobal
